
Microsoft Visual Studio Solution File, Format Version 12.00
# Visual Studio Version 17
VisualStudioVersion = 17.10.35013.160
MinimumVisualStudioVersion = 10.0.40219.1
Project("{2150E333-8FDC-42A3-9474-1A3956D46DE8}") = "CreationalPatterns", "CreationalPatterns", "{119622AD-F847-4203-B00D-E2FE6CDAE62D}"
EndProject
Project("{2150E333-8FDC-42A3-9474-1A3956D46DE8}") = "StructuralPatterns", "StructuralPatterns", "{F8CDA50A-4649-42D7-A4B9-853E41364180}"
EndProject
Project("{2150E333-8FDC-42A3-9474-1A3956D46DE8}") = "BehavioralPatterns", "BehavioralPatterns", "{DD287884-F5BB-466B-9A97-00E0CD4A5A9C}"
EndProject
Project("{9A19103F-16F7-4668-BE54-9A1E7A4F7556}") = "01_01_LazyInitialization", "CreatinalPatterns\01_01_LazyInitialization\01_01_LazyInitialization.csproj", "{F8AC7D04-0234-4041-9058-94BCAD9AAC2F}"
EndProject
Project("{9A19103F-16F7-4668-BE54-9A1E7A4F7556}") = "02_04_Serialization", "CreatinalPatterns\02_04_Serialization\02_04_Serialization.csproj", "{2E5F344E-9E1E-4AB2-B5B1-32CA8B737621}"
EndProject
Project("{9A19103F-16F7-4668-BE54-9A1E7A4F7556}") = "02_02_Demonstration3", "CreatinalPatterns\02_02_Demonstration3\02_02_Demonstration3.csproj", "{7EA5F8DE-4F4A-4673-9FD7-DDB2CD685BA3}"
EndProject
Project("{9A19103F-16F7-4668-BE54-9A1E7A4F7556}") = "02_01_ShallowCopy&DeepCopy", "CreatinalPatterns\02_01_ShallowCopy&DeepCopy\02_01_ShallowCopy&DeepCopy.csproj", "{BF0B3DA2-D43A-4326-99E8-4C5FEAD8E5BF}"
EndProject
Project("{9A19103F-16F7-4668-BE54-9A1E7A4F7556}") = "03_01_ChainigMethod", "CreatinalPatterns\03_01_ChainigMethod\03_01_ChainigMethod.csproj", "{6C3B9A6C-7B02-414D-8AE2-BA7C3BE15B92}"
EndProject
Project("{9A19103F-16F7-4668-BE54-9A1E7A4F7556}") = "01_00_SingletonPattern", "CreatinalPatterns\01_00_SingletonPattern\01_00_SingletonPattern.csproj", "{B09DD6A1-E264-4E86-A9F8-32889C839E29}"
EndProject
Project("{9A19103F-16F7-4668-BE54-9A1E7A4F7556}") = "02_00_PrototypePattern", "CreatinalPatterns\02_00_PrototypePattern\02_00_PrototypePattern.csproj", "{B3DF4942-1DC1-4BE0-BD18-A665B9C83DB2}"
EndProject
Project("{9A19103F-16F7-4668-BE54-9A1E7A4F7556}") = "03_00_BuilderPattern", "CreatinalPatterns\03_00_BuilderPattern\03_00_BuilderPattern.csproj", "{C5C53FC7-234C-441B-8841-D2E6898F311E}"
EndProject
Project("{9A19103F-16F7-4668-BE54-9A1E7A4F7556}") = "04_00_FactoryMethodPattern", "CreatinalPatterns\04_00_FactoryMethodPattern\04_00_FactoryMethodPattern.csproj", "{16CD5EC2-E47F-47E1-9CE9-5B86A7C56E08}"
EndProject
Project("{9A19103F-16F7-4668-BE54-9A1E7A4F7556}") = "04_01_PaymentGateways", "CreatinalPatterns\04_01_PaymentGateways\04_01_PaymentGateways.csproj", "{5B5598E0-D314-4B88-B6E2-A10C13D361DA}"
EndProject
Project("{9A19103F-16F7-4668-BE54-9A1E7A4F7556}") = "04_02_Demonstration2", "CreatinalPatterns\04_02_Demonstration2\04_02_Demonstration2.csproj", "{E8F960DF-6207-44E5-93B6-DB5F89C2CF0E}"
EndProject
Project("{9A19103F-16F7-4668-BE54-9A1E7A4F7556}") = "24_00_SimpleFactoryPattern", "CreatinalPatterns\24_00_SimpleFactoryPattern\24_00_SimpleFactoryPattern.csproj", "{4076A646-C632-4470-97C1-52608BD203A4}"
EndProject
Project("{9A19103F-16F7-4668-BE54-9A1E7A4F7556}") = "05_00_AbstractFactoryPattern", "CreatinalPatterns\05_00_AbstractFactoryPattern\05_00_AbstractFactoryPattern.csproj", "{BA7093E0-81EF-426A-BA60-0202CFE321D1}"
EndProject
Project("{9A19103F-16F7-4668-BE54-9A1E7A4F7556}") = "02_03_Demonstration4", "CreatinalPatterns\02_03_Demonstration4\02_03_Demonstration4.csproj", "{D235CA50-489B-492A-8CBC-E447963BE50D}"
EndProject
Project("{9A19103F-16F7-4668-BE54-9A1E7A4F7556}") = "03_02_CreateOrder", "CreatinalPatterns\03_02_CreateOrder\03_02_CreateOrder.csproj", "{66A6FC71-F61D-4100-BC96-9EB406FA65DD}"
EndProject
Project("{9A19103F-16F7-4668-BE54-9A1E7A4F7556}") = "03_03_PizzaBuilder", "CreatinalPatterns\03_03_PizzaBuilder\03_03_PizzaBuilder.csproj", "{14880521-C9B8-437E-8770-5CD137F29E0D}"
EndProject
Project("{9A19103F-16F7-4668-BE54-9A1E7A4F7556}") = "01_00_ProxyPattern", "StructuralPatterns\01_00_ProxyPattern\01_00_ProxyPattern.csproj", "{2AD57A95-9D64-41EC-9B82-E4A599E293CC}"
EndProject
Project("{9A19103F-16F7-4668-BE54-9A1E7A4F7556}") = "02_00_DecoratorPattern", "StructuralPatterns\02_00_DecoratorPattern\02_00_DecoratorPattern.csproj", "{240C2CA2-6E12-47D5-83A4-F6C01FB9D109}"
EndProject
Project("{9A19103F-16F7-4668-BE54-9A1E7A4F7556}") = "02_01_DecorateVSInheritance", "StructuralPatterns\02_01_DecorateVSInheritance\02_01_DecorateVSInheritance.csproj", "{EF639421-8261-4BEB-9925-FBA01877A922}"
EndProject
Project("{9A19103F-16F7-4668-BE54-9A1E7A4F7556}") = "02_02_DecorateWithDI", "StructuralPatterns\02_02_DecorateWithDI\02_02_DecorateWithDI.csproj", "{083FDD36-C9BE-45EF-8446-A5E1BA71684D}"
EndProject
Project("{9A19103F-16F7-4668-BE54-9A1E7A4F7556}") = "03_00_AdapterPattern", "StructuralPatterns\03_00_AdapterPattern\03_00_AdapterPattern.csproj", "{20D70766-5E08-4D74-BF86-5E8F61597B38}"
EndProject
Project("{9A19103F-16F7-4668-BE54-9A1E7A4F7556}") = "03_01_Demonstration1", "StructuralPatterns\03_01_Demonstration1\03_01_Demonstration1.csproj", "{1F358356-9018-4866-A0F4-2E4FF47B6CF0}"
EndProject
Project("{9A19103F-16F7-4668-BE54-9A1E7A4F7556}") = "03_02_DifferentTypesOfAdapterPattern", "StructuralPatterns\03_02_DifferentTypesOfAdapterPattern\03_02_DifferentTypesOfAdapterPattern.csproj", "{19BC4FDC-5608-45A1-90F1-9A5AE193D32F}"
EndProject
Project("{9A19103F-16F7-4668-BE54-9A1E7A4F7556}") = "03_03_ClassAdapter", "StructuralPatterns\03_03_ClassAdapter\03_03_ClassAdapter.csproj", "{699B97BF-F01A-406F-9644-E876EACBDC89}"
EndProject
Project("{9A19103F-16F7-4668-BE54-9A1E7A4F7556}") = "03_04_ObjectAdapter", "StructuralPatterns\03_04_ObjectAdapter\03_04_ObjectAdapter.csproj", "{68452B34-E0BD-4989-AC7F-474F9DD446FF}"
EndProject
Project("{9A19103F-16F7-4668-BE54-9A1E7A4F7556}") = "04_00_FacadePattern", "StructuralPatterns\04_00_FacadePattern\04_00_FacadePattern.csproj", "{ED67D24E-0E7B-40CF-A005-0CEE3774DB1A}"
EndProject
Project("{9A19103F-16F7-4668-BE54-9A1E7A4F7556}") = "04_01_OrderRequest", "StructuralPatterns\04_01_OrderRequest\04_01_OrderRequest.csproj", "{7517DB74-4D7D-4CF3-B9C7-E5BC061F8169}"
EndProject
Project("{FAE04EC0-301F-11D3-BF4B-00C04F79EFBC}") = "05_01_Inquiry", "StructuralPatterns\05_01_Inquiry\05_01_Inquiry.csproj", "{61DAB757-5877-4023-A038-19305704FF53}"
EndProject
Project("{FAE04EC0-301F-11D3-BF4B-00C04F79EFBC}") = "05_00_CompositePattern", "StructuralPatterns\05_00_CompositePattern\05_00_CompositePattern.csproj", "{C93F2C73-AE4C-4D90-998E-DAFEEAAC5E96}"
EndProject
Global
	GlobalSection(SolutionConfigurationPlatforms) = preSolution
		Debug|Any CPU = Debug|Any CPU
		Release|Any CPU = Release|Any CPU
	EndGlobalSection
	GlobalSection(ProjectConfigurationPlatforms) = postSolution
		{F8AC7D04-0234-4041-9058-94BCAD9AAC2F}.Debug|Any CPU.ActiveCfg = Debug|Any CPU
		{F8AC7D04-0234-4041-9058-94BCAD9AAC2F}.Debug|Any CPU.Build.0 = Debug|Any CPU
		{F8AC7D04-0234-4041-9058-94BCAD9AAC2F}.Release|Any CPU.ActiveCfg = Release|Any CPU
		{F8AC7D04-0234-4041-9058-94BCAD9AAC2F}.Release|Any CPU.Build.0 = Release|Any CPU
		{2E5F344E-9E1E-4AB2-B5B1-32CA8B737621}.Debug|Any CPU.ActiveCfg = Debug|Any CPU
		{2E5F344E-9E1E-4AB2-B5B1-32CA8B737621}.Debug|Any CPU.Build.0 = Debug|Any CPU
		{2E5F344E-9E1E-4AB2-B5B1-32CA8B737621}.Release|Any CPU.ActiveCfg = Release|Any CPU
		{2E5F344E-9E1E-4AB2-B5B1-32CA8B737621}.Release|Any CPU.Build.0 = Release|Any CPU
		{7EA5F8DE-4F4A-4673-9FD7-DDB2CD685BA3}.Debug|Any CPU.ActiveCfg = Debug|Any CPU
		{7EA5F8DE-4F4A-4673-9FD7-DDB2CD685BA3}.Debug|Any CPU.Build.0 = Debug|Any CPU
		{7EA5F8DE-4F4A-4673-9FD7-DDB2CD685BA3}.Release|Any CPU.ActiveCfg = Release|Any CPU
		{7EA5F8DE-4F4A-4673-9FD7-DDB2CD685BA3}.Release|Any CPU.Build.0 = Release|Any CPU
		{BF0B3DA2-D43A-4326-99E8-4C5FEAD8E5BF}.Debug|Any CPU.ActiveCfg = Debug|Any CPU
		{BF0B3DA2-D43A-4326-99E8-4C5FEAD8E5BF}.Debug|Any CPU.Build.0 = Debug|Any CPU
		{BF0B3DA2-D43A-4326-99E8-4C5FEAD8E5BF}.Release|Any CPU.ActiveCfg = Release|Any CPU
		{BF0B3DA2-D43A-4326-99E8-4C5FEAD8E5BF}.Release|Any CPU.Build.0 = Release|Any CPU
		{6C3B9A6C-7B02-414D-8AE2-BA7C3BE15B92}.Debug|Any CPU.ActiveCfg = Debug|Any CPU
		{6C3B9A6C-7B02-414D-8AE2-BA7C3BE15B92}.Debug|Any CPU.Build.0 = Debug|Any CPU
		{6C3B9A6C-7B02-414D-8AE2-BA7C3BE15B92}.Release|Any CPU.ActiveCfg = Release|Any CPU
		{6C3B9A6C-7B02-414D-8AE2-BA7C3BE15B92}.Release|Any CPU.Build.0 = Release|Any CPU
		{B09DD6A1-E264-4E86-A9F8-32889C839E29}.Debug|Any CPU.ActiveCfg = Debug|Any CPU
		{B09DD6A1-E264-4E86-A9F8-32889C839E29}.Debug|Any CPU.Build.0 = Debug|Any CPU
		{B09DD6A1-E264-4E86-A9F8-32889C839E29}.Release|Any CPU.ActiveCfg = Release|Any CPU
		{B09DD6A1-E264-4E86-A9F8-32889C839E29}.Release|Any CPU.Build.0 = Release|Any CPU
		{B3DF4942-1DC1-4BE0-BD18-A665B9C83DB2}.Debug|Any CPU.ActiveCfg = Debug|Any CPU
		{B3DF4942-1DC1-4BE0-BD18-A665B9C83DB2}.Debug|Any CPU.Build.0 = Debug|Any CPU
		{B3DF4942-1DC1-4BE0-BD18-A665B9C83DB2}.Release|Any CPU.ActiveCfg = Release|Any CPU
		{B3DF4942-1DC1-4BE0-BD18-A665B9C83DB2}.Release|Any CPU.Build.0 = Release|Any CPU
		{C5C53FC7-234C-441B-8841-D2E6898F311E}.Debug|Any CPU.ActiveCfg = Debug|Any CPU
		{C5C53FC7-234C-441B-8841-D2E6898F311E}.Debug|Any CPU.Build.0 = Debug|Any CPU
		{C5C53FC7-234C-441B-8841-D2E6898F311E}.Release|Any CPU.ActiveCfg = Release|Any CPU
		{C5C53FC7-234C-441B-8841-D2E6898F311E}.Release|Any CPU.Build.0 = Release|Any CPU
		{16CD5EC2-E47F-47E1-9CE9-5B86A7C56E08}.Debug|Any CPU.ActiveCfg = Debug|Any CPU
		{16CD5EC2-E47F-47E1-9CE9-5B86A7C56E08}.Debug|Any CPU.Build.0 = Debug|Any CPU
		{16CD5EC2-E47F-47E1-9CE9-5B86A7C56E08}.Release|Any CPU.ActiveCfg = Release|Any CPU
		{16CD5EC2-E47F-47E1-9CE9-5B86A7C56E08}.Release|Any CPU.Build.0 = Release|Any CPU
		{5B5598E0-D314-4B88-B6E2-A10C13D361DA}.Debug|Any CPU.ActiveCfg = Debug|Any CPU
		{5B5598E0-D314-4B88-B6E2-A10C13D361DA}.Debug|Any CPU.Build.0 = Debug|Any CPU
		{5B5598E0-D314-4B88-B6E2-A10C13D361DA}.Release|Any CPU.ActiveCfg = Release|Any CPU
		{5B5598E0-D314-4B88-B6E2-A10C13D361DA}.Release|Any CPU.Build.0 = Release|Any CPU
		{E8F960DF-6207-44E5-93B6-DB5F89C2CF0E}.Debug|Any CPU.ActiveCfg = Debug|Any CPU
		{E8F960DF-6207-44E5-93B6-DB5F89C2CF0E}.Debug|Any CPU.Build.0 = Debug|Any CPU
		{E8F960DF-6207-44E5-93B6-DB5F89C2CF0E}.Release|Any CPU.ActiveCfg = Release|Any CPU
		{E8F960DF-6207-44E5-93B6-DB5F89C2CF0E}.Release|Any CPU.Build.0 = Release|Any CPU
		{4076A646-C632-4470-97C1-52608BD203A4}.Debug|Any CPU.ActiveCfg = Debug|Any CPU
		{4076A646-C632-4470-97C1-52608BD203A4}.Debug|Any CPU.Build.0 = Debug|Any CPU
		{4076A646-C632-4470-97C1-52608BD203A4}.Release|Any CPU.ActiveCfg = Release|Any CPU
		{4076A646-C632-4470-97C1-52608BD203A4}.Release|Any CPU.Build.0 = Release|Any CPU
		{BA7093E0-81EF-426A-BA60-0202CFE321D1}.Debug|Any CPU.ActiveCfg = Debug|Any CPU
		{BA7093E0-81EF-426A-BA60-0202CFE321D1}.Debug|Any CPU.Build.0 = Debug|Any CPU
		{BA7093E0-81EF-426A-BA60-0202CFE321D1}.Release|Any CPU.ActiveCfg = Release|Any CPU
		{BA7093E0-81EF-426A-BA60-0202CFE321D1}.Release|Any CPU.Build.0 = Release|Any CPU
		{D235CA50-489B-492A-8CBC-E447963BE50D}.Debug|Any CPU.ActiveCfg = Debug|Any CPU
		{D235CA50-489B-492A-8CBC-E447963BE50D}.Debug|Any CPU.Build.0 = Debug|Any CPU
		{D235CA50-489B-492A-8CBC-E447963BE50D}.Release|Any CPU.ActiveCfg = Release|Any CPU
		{D235CA50-489B-492A-8CBC-E447963BE50D}.Release|Any CPU.Build.0 = Release|Any CPU
		{66A6FC71-F61D-4100-BC96-9EB406FA65DD}.Debug|Any CPU.ActiveCfg = Debug|Any CPU
		{66A6FC71-F61D-4100-BC96-9EB406FA65DD}.Debug|Any CPU.Build.0 = Debug|Any CPU
		{66A6FC71-F61D-4100-BC96-9EB406FA65DD}.Release|Any CPU.ActiveCfg = Release|Any CPU
		{66A6FC71-F61D-4100-BC96-9EB406FA65DD}.Release|Any CPU.Build.0 = Release|Any CPU
		{14880521-C9B8-437E-8770-5CD137F29E0D}.Debug|Any CPU.ActiveCfg = Debug|Any CPU
		{14880521-C9B8-437E-8770-5CD137F29E0D}.Debug|Any CPU.Build.0 = Debug|Any CPU
		{14880521-C9B8-437E-8770-5CD137F29E0D}.Release|Any CPU.ActiveCfg = Release|Any CPU
		{14880521-C9B8-437E-8770-5CD137F29E0D}.Release|Any CPU.Build.0 = Release|Any CPU
		{2AD57A95-9D64-41EC-9B82-E4A599E293CC}.Debug|Any CPU.ActiveCfg = Debug|Any CPU
		{2AD57A95-9D64-41EC-9B82-E4A599E293CC}.Debug|Any CPU.Build.0 = Debug|Any CPU
		{2AD57A95-9D64-41EC-9B82-E4A599E293CC}.Release|Any CPU.ActiveCfg = Release|Any CPU
		{2AD57A95-9D64-41EC-9B82-E4A599E293CC}.Release|Any CPU.Build.0 = Release|Any CPU
		{240C2CA2-6E12-47D5-83A4-F6C01FB9D109}.Debug|Any CPU.ActiveCfg = Debug|Any CPU
		{240C2CA2-6E12-47D5-83A4-F6C01FB9D109}.Debug|Any CPU.Build.0 = Debug|Any CPU
		{240C2CA2-6E12-47D5-83A4-F6C01FB9D109}.Release|Any CPU.ActiveCfg = Release|Any CPU
		{240C2CA2-6E12-47D5-83A4-F6C01FB9D109}.Release|Any CPU.Build.0 = Release|Any CPU
		{EF639421-8261-4BEB-9925-FBA01877A922}.Debug|Any CPU.ActiveCfg = Debug|Any CPU
		{EF639421-8261-4BEB-9925-FBA01877A922}.Debug|Any CPU.Build.0 = Debug|Any CPU
		{EF639421-8261-4BEB-9925-FBA01877A922}.Release|Any CPU.ActiveCfg = Release|Any CPU
		{EF639421-8261-4BEB-9925-FBA01877A922}.Release|Any CPU.Build.0 = Release|Any CPU
		{083FDD36-C9BE-45EF-8446-A5E1BA71684D}.Debug|Any CPU.ActiveCfg = Debug|Any CPU
		{083FDD36-C9BE-45EF-8446-A5E1BA71684D}.Debug|Any CPU.Build.0 = Debug|Any CPU
		{083FDD36-C9BE-45EF-8446-A5E1BA71684D}.Release|Any CPU.ActiveCfg = Release|Any CPU
		{083FDD36-C9BE-45EF-8446-A5E1BA71684D}.Release|Any CPU.Build.0 = Release|Any CPU
		{20D70766-5E08-4D74-BF86-5E8F61597B38}.Debug|Any CPU.ActiveCfg = Debug|Any CPU
		{20D70766-5E08-4D74-BF86-5E8F61597B38}.Debug|Any CPU.Build.0 = Debug|Any CPU
		{20D70766-5E08-4D74-BF86-5E8F61597B38}.Release|Any CPU.ActiveCfg = Release|Any CPU
		{20D70766-5E08-4D74-BF86-5E8F61597B38}.Release|Any CPU.Build.0 = Release|Any CPU
		{1F358356-9018-4866-A0F4-2E4FF47B6CF0}.Debug|Any CPU.ActiveCfg = Debug|Any CPU
		{1F358356-9018-4866-A0F4-2E4FF47B6CF0}.Debug|Any CPU.Build.0 = Debug|Any CPU
		{1F358356-9018-4866-A0F4-2E4FF47B6CF0}.Release|Any CPU.ActiveCfg = Release|Any CPU
		{1F358356-9018-4866-A0F4-2E4FF47B6CF0}.Release|Any CPU.Build.0 = Release|Any CPU
		{19BC4FDC-5608-45A1-90F1-9A5AE193D32F}.Debug|Any CPU.ActiveCfg = Debug|Any CPU
		{19BC4FDC-5608-45A1-90F1-9A5AE193D32F}.Debug|Any CPU.Build.0 = Debug|Any CPU
		{19BC4FDC-5608-45A1-90F1-9A5AE193D32F}.Release|Any CPU.ActiveCfg = Release|Any CPU
		{19BC4FDC-5608-45A1-90F1-9A5AE193D32F}.Release|Any CPU.Build.0 = Release|Any CPU
		{699B97BF-F01A-406F-9644-E876EACBDC89}.Debug|Any CPU.ActiveCfg = Debug|Any CPU
		{699B97BF-F01A-406F-9644-E876EACBDC89}.Debug|Any CPU.Build.0 = Debug|Any CPU
		{699B97BF-F01A-406F-9644-E876EACBDC89}.Release|Any CPU.ActiveCfg = Release|Any CPU
		{699B97BF-F01A-406F-9644-E876EACBDC89}.Release|Any CPU.Build.0 = Release|Any CPU
		{68452B34-E0BD-4989-AC7F-474F9DD446FF}.Debug|Any CPU.ActiveCfg = Debug|Any CPU
		{68452B34-E0BD-4989-AC7F-474F9DD446FF}.Debug|Any CPU.Build.0 = Debug|Any CPU
		{68452B34-E0BD-4989-AC7F-474F9DD446FF}.Release|Any CPU.ActiveCfg = Release|Any CPU
		{68452B34-E0BD-4989-AC7F-474F9DD446FF}.Release|Any CPU.Build.0 = Release|Any CPU
		{ED67D24E-0E7B-40CF-A005-0CEE3774DB1A}.Debug|Any CPU.ActiveCfg = Debug|Any CPU
		{ED67D24E-0E7B-40CF-A005-0CEE3774DB1A}.Debug|Any CPU.Build.0 = Debug|Any CPU
		{ED67D24E-0E7B-40CF-A005-0CEE3774DB1A}.Release|Any CPU.ActiveCfg = Release|Any CPU
		{ED67D24E-0E7B-40CF-A005-0CEE3774DB1A}.Release|Any CPU.Build.0 = Release|Any CPU
		{7517DB74-4D7D-4CF3-B9C7-E5BC061F8169}.Debug|Any CPU.ActiveCfg = Debug|Any CPU
		{7517DB74-4D7D-4CF3-B9C7-E5BC061F8169}.Debug|Any CPU.Build.0 = Debug|Any CPU
		{7517DB74-4D7D-4CF3-B9C7-E5BC061F8169}.Release|Any CPU.ActiveCfg = Release|Any CPU
		{7517DB74-4D7D-4CF3-B9C7-E5BC061F8169}.Release|Any CPU.Build.0 = Release|Any CPU
		{61DAB757-5877-4023-A038-19305704FF53}.Debug|Any CPU.ActiveCfg = Debug|Any CPU
		{61DAB757-5877-4023-A038-19305704FF53}.Debug|Any CPU.Build.0 = Debug|Any CPU
		{61DAB757-5877-4023-A038-19305704FF53}.Release|Any CPU.ActiveCfg = Release|Any CPU
		{61DAB757-5877-4023-A038-19305704FF53}.Release|Any CPU.Build.0 = Release|Any CPU
		{C93F2C73-AE4C-4D90-998E-DAFEEAAC5E96}.Debug|Any CPU.ActiveCfg = Debug|Any CPU
		{C93F2C73-AE4C-4D90-998E-DAFEEAAC5E96}.Debug|Any CPU.Build.0 = Debug|Any CPU
		{C93F2C73-AE4C-4D90-998E-DAFEEAAC5E96}.Release|Any CPU.ActiveCfg = Release|Any CPU
		{C93F2C73-AE4C-4D90-998E-DAFEEAAC5E96}.Release|Any CPU.Build.0 = Release|Any CPU
	EndGlobalSection
	GlobalSection(SolutionProperties) = preSolution
		HideSolutionNode = FALSE
	EndGlobalSection
	GlobalSection(NestedProjects) = preSolution
		{F8AC7D04-0234-4041-9058-94BCAD9AAC2F} = {119622AD-F847-4203-B00D-E2FE6CDAE62D}
		{2E5F344E-9E1E-4AB2-B5B1-32CA8B737621} = {119622AD-F847-4203-B00D-E2FE6CDAE62D}
		{7EA5F8DE-4F4A-4673-9FD7-DDB2CD685BA3} = {119622AD-F847-4203-B00D-E2FE6CDAE62D}
		{BF0B3DA2-D43A-4326-99E8-4C5FEAD8E5BF} = {119622AD-F847-4203-B00D-E2FE6CDAE62D}
		{6C3B9A6C-7B02-414D-8AE2-BA7C3BE15B92} = {119622AD-F847-4203-B00D-E2FE6CDAE62D}
		{B09DD6A1-E264-4E86-A9F8-32889C839E29} = {119622AD-F847-4203-B00D-E2FE6CDAE62D}
		{B3DF4942-1DC1-4BE0-BD18-A665B9C83DB2} = {119622AD-F847-4203-B00D-E2FE6CDAE62D}
		{C5C53FC7-234C-441B-8841-D2E6898F311E} = {119622AD-F847-4203-B00D-E2FE6CDAE62D}
		{16CD5EC2-E47F-47E1-9CE9-5B86A7C56E08} = {119622AD-F847-4203-B00D-E2FE6CDAE62D}
		{5B5598E0-D314-4B88-B6E2-A10C13D361DA} = {119622AD-F847-4203-B00D-E2FE6CDAE62D}
		{E8F960DF-6207-44E5-93B6-DB5F89C2CF0E} = {119622AD-F847-4203-B00D-E2FE6CDAE62D}
		{4076A646-C632-4470-97C1-52608BD203A4} = {119622AD-F847-4203-B00D-E2FE6CDAE62D}
		{BA7093E0-81EF-426A-BA60-0202CFE321D1} = {119622AD-F847-4203-B00D-E2FE6CDAE62D}
		{D235CA50-489B-492A-8CBC-E447963BE50D} = {119622AD-F847-4203-B00D-E2FE6CDAE62D}
		{66A6FC71-F61D-4100-BC96-9EB406FA65DD} = {119622AD-F847-4203-B00D-E2FE6CDAE62D}
		{14880521-C9B8-437E-8770-5CD137F29E0D} = {119622AD-F847-4203-B00D-E2FE6CDAE62D}
		{2AD57A95-9D64-41EC-9B82-E4A599E293CC} = {F8CDA50A-4649-42D7-A4B9-853E41364180}
		{240C2CA2-6E12-47D5-83A4-F6C01FB9D109} = {F8CDA50A-4649-42D7-A4B9-853E41364180}
		{EF639421-8261-4BEB-9925-FBA01877A922} = {F8CDA50A-4649-42D7-A4B9-853E41364180}
		{083FDD36-C9BE-45EF-8446-A5E1BA71684D} = {F8CDA50A-4649-42D7-A4B9-853E41364180}
		{20D70766-5E08-4D74-BF86-5E8F61597B38} = {F8CDA50A-4649-42D7-A4B9-853E41364180}
		{1F358356-9018-4866-A0F4-2E4FF47B6CF0} = {F8CDA50A-4649-42D7-A4B9-853E41364180}
		{19BC4FDC-5608-45A1-90F1-9A5AE193D32F} = {F8CDA50A-4649-42D7-A4B9-853E41364180}
		{699B97BF-F01A-406F-9644-E876EACBDC89} = {F8CDA50A-4649-42D7-A4B9-853E41364180}
		{68452B34-E0BD-4989-AC7F-474F9DD446FF} = {F8CDA50A-4649-42D7-A4B9-853E41364180}
		{ED67D24E-0E7B-40CF-A005-0CEE3774DB1A} = {F8CDA50A-4649-42D7-A4B9-853E41364180}
		{7517DB74-4D7D-4CF3-B9C7-E5BC061F8169} = {F8CDA50A-4649-42D7-A4B9-853E41364180}
		{61DAB757-5877-4023-A038-19305704FF53} = {F8CDA50A-4649-42D7-A4B9-853E41364180}
		{C93F2C73-AE4C-4D90-998E-DAFEEAAC5E96} = {F8CDA50A-4649-42D7-A4B9-853E41364180}
	EndGlobalSection
	GlobalSection(ExtensibilityGlobals) = postSolution
		SolutionGuid = {DCC56968-3941-4121-8CA9-161AFCEA5F97}
	EndGlobalSection
EndGlobal
